
Microsoft Visual Studio Solution File, Format Version 12.00
# Visual Studio Version 17
VisualStudioVersion = 17.8.34330.188
MinimumVisualStudioVersion = 10.0.40219.1
Project("{FAE04EC0-301F-11D3-BF4B-00C04F79EFBC}") = "FHEv2", "FHEv2\FHEv2.csproj", "{5997A47E-9FC4-4AE3-91FE-DB6D13720703}"
EndProject
Global
	GlobalSection(SolutionConfigurationPlatforms) = preSolution
		Debug|Any CPU = Debug|Any CPU
		Release|Any CPU = Release|Any CPU
	EndGlobalSection
	GlobalSection(ProjectConfigurationPlatforms) = postSolution
		{5997A47E-9FC4-4AE3-91FE-DB6D13720703}.Debug|Any CPU.ActiveCfg = Debug|Any CPU
		{5997A47E-9FC4-4AE3-91FE-DB6D13720703}.Debug|Any CPU.Build.0 = Debug|Any CPU
		{5997A47E-9FC4-4AE3-91FE-DB6D13720703}.Release|Any CPU.ActiveCfg = Release|Any CPU
		{5997A47E-9FC4-4AE3-91FE-DB6D13720703}.Release|Any CPU.Build.0 = Release|Any CPU
	EndGlobalSection
	GlobalSection(SolutionProperties) = preSolution
		HideSolutionNode = FALSE
	EndGlobalSection
	GlobalSection(ExtensibilityGlobals) = postSolution
		SolutionGuid = {294F52EB-7286-49F7-96DE-95A5DEF6DB97}
	EndGlobalSection
EndGlobal
